// !$*UTF8*$!
{
	archiveVersion = 1;
	classes = {
	};
	objectVersion = 50;
	objects = {

/* Begin PBXBuildFile section */
		38A7C16723CA16D30086AFE2 /* AppDelegate.swift in Sources */ = {isa = PBXBuildFile; fileRef = 38A7C16623CA16D30086AFE2 /* AppDelegate.swift */; };
		38A7C16923CA16D30086AFE2 /* SceneDelegate.swift in Sources */ = {isa = PBXBuildFile; fileRef = 38A7C16823CA16D30086AFE2 /* SceneDelegate.swift */; };
		38A7C16B23CA16D30086AFE2 /* ContentView.swift in Sources */ = {isa = PBXBuildFile; fileRef = 38A7C16A23CA16D30086AFE2 /* ContentView.swift */; };
		38A7C16D23CA16D50086AFE2 /* Assets.xcassets in Resources */ = {isa = PBXBuildFile; fileRef = 38A7C16C23CA16D50086AFE2 /* Assets.xcassets */; };
		38A7C17023CA16D50086AFE2 /* Preview Assets.xcassets in Resources */ = {isa = PBXBuildFile; fileRef = 38A7C16F23CA16D50086AFE2 /* Preview Assets.xcassets */; };
		38A7C17323CA16D50086AFE2 /* LaunchScreen.storyboard in Resources */ = {isa = PBXBuildFile; fileRef = 38A7C17123CA16D50086AFE2 /* LaunchScreen.storyboard */; };
		38A7C17E23CA16D60086AFE2 /* CalculatorAppTests.swift in Sources */ = {isa = PBXBuildFile; fileRef = 38A7C17D23CA16D60086AFE2 /* CalculatorAppTests.swift */; };
		38A7C18923CA16D60086AFE2 /* CalculatorAppUITests.swift in Sources */ = {isa = PBXBuildFile; fileRef = 38A7C18823CA16D60086AFE2 /* CalculatorAppUITests.swift */; };
/* End PBXBuildFile section */

/* Begin PBXContainerItemProxy section */
		38A7C17A23CA16D60086AFE2 /* PBXContainerItemProxy */ = {
			isa = PBXContainerItemProxy;
			containerPortal = 38A7C15B23CA16D30086AFE2 /* Project object */;
			proxyType = 1;
			remoteGlobalIDString = 38A7C16223CA16D30086AFE2;
			remoteInfo = CalculatorApp;
		};
		38A7C18523CA16D60086AFE2 /* PBXContainerItemProxy */ = {
			isa = PBXContainerItemProxy;
			containerPortal = 38A7C15B23CA16D30086AFE2 /* Project object */;
			proxyType = 1;
			remoteGlobalIDString = 38A7C16223CA16D30086AFE2;
			remoteInfo = CalculatorApp;
		};
/* End PBXContainerItemProxy section */

/* Begin PBXFileReference section */
		38A7C16323CA16D30086AFE2 /* CalculatorApp.app */ = {isa = PBXFileReference; explicitFileType = wrapper.application; includeInIndex = 0; path = CalculatorApp.app; sourceTree = BUILT_PRODUCTS_DIR; };
		38A7C16623CA16D30086AFE2 /* AppDelegate.swift */ = {isa = PBXFileReference; lastKnownFileType = sourcecode.swift; path = AppDelegate.swift; sourceTree = "<group>"; };
		38A7C16823CA16D30086AFE2 /* SceneDelegate.swift */ = {isa = PBXFileReference; lastKnownFileType = sourcecode.swift; path = SceneDelegate.swift; sourceTree = "<group>"; };
		38A7C16A23CA16D30086AFE2 /* ContentView.swift */ = {isa = PBXFileReference; lastKnownFileType = sourcecode.swift; path = ContentView.swift; sourceTree = "<group>"; };
		38A7C16C23CA16D50086AFE2 /* Assets.xcassets */ = {isa = PBXFileReference; lastKnownFileType = folder.assetcatalog; path = Assets.xcassets; sourceTree = "<group>"; };
		38A7C16F23CA16D50086AFE2 /* Preview Assets.xcassets */ = {isa = PBXFileReference; lastKnownFileType = folder.assetcatalog; path = "Preview Assets.xcassets"; sourceTree = "<group>"; };
		38A7C17223CA16D50086AFE2 /* Base */ = {isa = PBXFileReference; lastKnownFileType = file.storyboard; name = Base; path = Base.lproj/LaunchScreen.storyboard; sourceTree = "<group>"; };
		38A7C17423CA16D50086AFE2 /* Info.plist */ = {isa = PBXFileReference; lastKnownFileType = text.plist.xml; path = Info.plist; sourceTree = "<group>"; };
		38A7C17923CA16D60086AFE2 /* CalculatorAppTests.xctest */ = {isa = PBXFileReference; explicitFileType = wrapper.cfbundle; includeInIndex = 0; path = CalculatorAppTests.xctest; sourceTree = BUILT_PRODUCTS_DIR; };
		38A7C17D23CA16D60086AFE2 /* CalculatorAppTests.swift */ = {isa = PBXFileReference; lastKnownFileType = sourcecode.swift; path = CalculatorAppTests.swift; sourceTree = "<group>"; };
		38A7C17F23CA16D60086AFE2 /* Info.plist */ = {isa = PBXFileReference; lastKnownFileType = text.plist.xml; path = Info.plist; sourceTree = "<group>"; };
		38A7C18423CA16D60086AFE2 /* CalculatorAppUITests.xctest */ = {isa = PBXFileReference; explicitFileType = wrapper.cfbundle; includeInIndex = 0; path = CalculatorAppUITests.xctest; sourceTree = BUILT_PRODUCTS_DIR; };
		38A7C18823CA16D60086AFE2 /* CalculatorAppUITests.swift */ = {isa = PBXFileReference; lastKnownFileType = sourcecode.swift; path = CalculatorAppUITests.swift; sourceTree = "<group>"; };
		38A7C18A23CA16D60086AFE2 /* Info.plist */ = {isa = PBXFileReference; lastKnownFileType = text.plist.xml; path = Info.plist; sourceTree = "<group>"; };
/* End PBXFileReference section */

/* Begin PBXFrameworksBuildPhase section */
		38A7C16023CA16D30086AFE2 /* Frameworks */ = {
			isa = PBXFrameworksBuildPhase;
			buildActionMask = 2147483647;
			files = (
			);
			runOnlyForDeploymentPostprocessing = 0;
		};
		38A7C17623CA16D60086AFE2 /* Frameworks */ = {
			isa = PBXFrameworksBuildPhase;
			buildActionMask = 2147483647;
			files = (
			);
			runOnlyForDeploymentPostprocessing = 0;
		};
		38A7C18123CA16D60086AFE2 /* Frameworks */ = {
			isa = PBXFrameworksBuildPhase;
			buildActionMask = 2147483647;
			files = (
			);
			runOnlyForDeploymentPostprocessing = 0;
		};
/* End PBXFrameworksBuildPhase section */

/* Begin PBXGroup section */
		38A7C15A23CA16D30086AFE2 = {
			isa = PBXGroup;
			children = (
				38A7C16523CA16D30086AFE2 /* CalculatorApp */,
				38A7C17C23CA16D60086AFE2 /* CalculatorAppTests */,
				38A7C18723CA16D60086AFE2 /* CalculatorAppUITests */,
				38A7C16423CA16D30086AFE2 /* Products */,
			);
			sourceTree = "<group>";
		};
		38A7C16423CA16D30086AFE2 /* Products */ = {
			isa = PBXGroup;
			children = (
				38A7C16323CA16D30086AFE2 /* CalculatorApp.app */,
				38A7C17923CA16D60086AFE2 /* CalculatorAppTests.xctest */,
				38A7C18423CA16D60086AFE2 /* CalculatorAppUITests.xctest */,
			);
			name = Products;
			sourceTree = "<group>";
		};
		38A7C16523CA16D30086AFE2 /* CalculatorApp */ = {
			isa = PBXGroup;
			children = (
				38A7C16623CA16D30086AFE2 /* AppDelegate.swift */,
				38A7C16823CA16D30086AFE2 /* SceneDelegate.swift */,
				38A7C16A23CA16D30086AFE2 /* ContentView.swift */,
				38A7C16C23CA16D50086AFE2 /* Assets.xcassets */,
				38A7C17123CA16D50086AFE2 /* LaunchScreen.storyboard */,
				38A7C17423CA16D50086AFE2 /* Info.plist */,
				38A7C16E23CA16D50086AFE2 /* Preview Content */,
			);
			path = CalculatorApp;
			sourceTree = "<group>";
		};
		38A7C16E23CA16D50086AFE2 /* Preview Content */ = {
			isa = PBXGroup;
			children = (
				38A7C16F23CA16D50086AFE2 /* Preview Assets.xcassets */,
			);
			path = "Preview Content";
			sourceTree = "<group>";
		};
		38A7C17C23CA16D60086AFE2 /* CalculatorAppTests */ = {
			isa = PBXGroup;
			children = (
				38A7C17D23CA16D60086AFE2 /* CalculatorAppTests.swift */,
				38A7C17F23CA16D60086AFE2 /* Info.plist */,
			);
			path = CalculatorAppTests;
			sourceTree = "<group>";
		};
		38A7C18723CA16D60086AFE2 /* CalculatorAppUITests */ = {
			isa = PBXGroup;
			children = (
				38A7C18823CA16D60086AFE2 /* CalculatorAppUITests.swift */,
				38A7C18A23CA16D60086AFE2 /* Info.plist */,
			);
			path = CalculatorAppUITests;
			sourceTree = "<group>";
		};
/* End PBXGroup section */

/* Begin PBXNativeTarget section */
		38A7C16223CA16D30086AFE2 /* CalculatorApp */ = {
			isa = PBXNativeTarget;
			buildConfigurationList = 38A7C18D23CA16D60086AFE2 /* Build configuration list for PBXNativeTarget "CalculatorApp" */;
			buildPhases = (
				38A7C15F23CA16D30086AFE2 /* Sources */,
				38A7C16023CA16D30086AFE2 /* Frameworks */,
				38A7C16123CA16D30086AFE2 /* Resources */,
			);
			buildRules = (
			);
			dependencies = (
			);
			name = CalculatorApp;
			productName = CalculatorApp;
			productReference = 38A7C16323CA16D30086AFE2 /* CalculatorApp.app */;
			productType = "com.apple.product-type.application";
		};
		38A7C17823CA16D60086AFE2 /* CalculatorAppTests */ = {
			isa = PBXNativeTarget;
			buildConfigurationList = 38A7C19023CA16D60086AFE2 /* Build configuration list for PBXNativeTarget "CalculatorAppTests" */;
			buildPhases = (
				38A7C17523CA16D60086AFE2 /* Sources */,
				38A7C17623CA16D60086AFE2 /* Frameworks */,
				38A7C17723CA16D60086AFE2 /* Resources */,
			);
			buildRules = (
			);
			dependencies = (
				38A7C17B23CA16D60086AFE2 /* PBXTargetDependency */,
			);
			name = CalculatorAppTests;
			productName = CalculatorAppTests;
			productReference = 38A7C17923CA16D60086AFE2 /* CalculatorAppTests.xctest */;
			productType = "com.apple.product-type.bundle.unit-test";
		};
		38A7C18323CA16D60086AFE2 /* CalculatorAppUITests */ = {
			isa = PBXNativeTarget;
			buildConfigurationList = 38A7C19323CA16D60086AFE2 /* Build configuration list for PBXNativeTarget "CalculatorAppUITests" */;
			buildPhases = (
				38A7C18023CA16D60086AFE2 /* Sources */,
				38A7C18123CA16D60086AFE2 /* Frameworks */,
				38A7C18223CA16D60086AFE2 /* Resources */,
			);
			buildRules = (
			);
			dependencies = (
				38A7C18623CA16D60086AFE2 /* PBXTargetDependency */,
			);
			name = CalculatorAppUITests;
			productName = CalculatorAppUITests;
			productReference = 38A7C18423CA16D60086AFE2 /* CalculatorAppUITests.xctest */;
			productType = "com.apple.product-type.bundle.ui-testing";
		};
/* End PBXNativeTarget section */

/* Begin PBXProject section */
		38A7C15B23CA16D30086AFE2 /* Project object */ = {
			isa = PBXProject;
			attributes = {
				LastSwiftUpdateCheck = 1120;
				LastUpgradeCheck = 1120;
				ORGANIZATIONNAME = "Abraham Lay (ID)";
				TargetAttributes = {
					38A7C16223CA16D30086AFE2 = {
						CreatedOnToolsVersion = 11.2;
					};
					38A7C17823CA16D60086AFE2 = {
						CreatedOnToolsVersion = 11.2;
						TestTargetID = 38A7C16223CA16D30086AFE2;
					};
					38A7C18323CA16D60086AFE2 = {
						CreatedOnToolsVersion = 11.2;
						TestTargetID = 38A7C16223CA16D30086AFE2;
					};
				};
			};
			buildConfigurationList = 38A7C15E23CA16D30086AFE2 /* Build configuration list for PBXProject "CalculatorApp" */;
			compatibilityVersion = "Xcode 9.3";
			developmentRegion = en;
			hasScannedForEncodings = 0;
			knownRegions = (
				en,
				Base,
			);
			mainGroup = 38A7C15A23CA16D30086AFE2;
			productRefGroup = 38A7C16423CA16D30086AFE2 /* Products */;
			projectDirPath = "";
			projectRoot = "";
			targets = (
				38A7C16223CA16D30086AFE2 /* CalculatorApp */,
				38A7C17823CA16D60086AFE2 /* CalculatorAppTests */,
				38A7C18323CA16D60086AFE2 /* CalculatorAppUITests */,
			);
		};
/* End PBXProject section */

/* Begin PBXResourcesBuildPhase section */
		38A7C16123CA16D30086AFE2 /* Resources */ = {
			isa = PBXResourcesBuildPhase;
			buildActionMask = 2147483647;
			files = (
				38A7C17323CA16D50086AFE2 /* LaunchScreen.storyboard in Resources */,
				38A7C17023CA16D50086AFE2 /* Preview Assets.xcassets in Resources */,
				38A7C16D23CA16D50086AFE2 /* Assets.xcassets in Resources */,
			);
			runOnlyForDeploymentPostprocessing = 0;
		};
		38A7C17723CA16D60086AFE2 /* Resources */ = {
			isa = PBXResourcesBuildPhase;
			buildActionMask = 2147483647;
			files = (
			);
			runOnlyForDeploymentPostprocessing = 0;
		};
		38A7C18223CA16D60086AFE2 /* Resources */ = {
			isa = PBXResourcesBuildPhase;
			buildActionMask = 2147483647;
			files = (
			);
			runOnlyForDeploymentPostprocessing = 0;
		};
/* End PBXResourcesBuildPhase section */

/* Begin PBXSourcesBuildPhase section */
		38A7C15F23CA16D30086AFE2 /* Sources */ = {
			isa = PBXSourcesBuildPhase;
			buildActionMask = 2147483647;
			files = (
				38A7C16723CA16D30086AFE2 /* AppDelegate.swift in Sources */,
				38A7C16923CA16D30086AFE2 /* SceneDelegate.swift in Sources */,
				38A7C16B23CA16D30086AFE2 /* ContentView.swift in Sources */,
			);
			runOnlyForDeploymentPostprocessing = 0;
		};
		38A7C17523CA16D60086AFE2 /* Sources */ = {
			isa = PBXSourcesBuildPhase;
			buildActionMask = 2147483647;
			files = (
				38A7C17E23CA16D60086AFE2 /* CalculatorAppTests.swift in Sources */,
			);
			runOnlyForDeploymentPostprocessing = 0;
		};
		38A7C18023CA16D60086AFE2 /* Sources */ = {
			isa = PBXSourcesBuildPhase;
			buildActionMask = 2147483647;
			files = (
				38A7C18923CA16D60086AFE2 /* CalculatorAppUITests.swift in Sources */,
			);
			runOnlyForDeploymentPostprocessing = 0;
		};
/* End PBXSourcesBuildPhase section */

/* Begin PBXTargetDependency section */
		38A7C17B23CA16D60086AFE2 /* PBXTargetDependency */ = {
			isa = PBXTargetDependency;
			target = 38A7C16223CA16D30086AFE2 /* CalculatorApp */;
			targetProxy = 38A7C17A23CA16D60086AFE2 /* PBXContainerItemProxy */;
		};
		38A7C18623CA16D60086AFE2 /* PBXTargetDependency */ = {
			isa = PBXTargetDependency;
			target = 38A7C16223CA16D30086AFE2 /* CalculatorApp */;
			targetProxy = 38A7C18523CA16D60086AFE2 /* PBXContainerItemProxy */;
		};
/* End PBXTargetDependency section */

/* Begin PBXVariantGroup section */
		38A7C17123CA16D50086AFE2 /* LaunchScreen.storyboard */ = {
			isa = PBXVariantGroup;
			children = (
				38A7C17223CA16D50086AFE2 /* Base */,
			);
			name = LaunchScreen.storyboard;
			sourceTree = "<group>";
		};
/* End PBXVariantGroup section */

/* Begin XCBuildConfiguration section */
		38A7C18B23CA16D60086AFE2 /* Debug */ = {
			isa = XCBuildConfiguration;
			buildSettings = {
				ALWAYS_SEARCH_USER_PATHS = NO;
				CLANG_ANALYZER_NONNULL = YES;
				CLANG_ANALYZER_NUMBER_OBJECT_CONVERSION = YES_AGGRESSIVE;
				CLANG_CXX_LANGUAGE_STANDARD = "gnu++14";
				CLANG_CXX_LIBRARY = "libc++";
				CLANG_ENABLE_MODULES = YES;
				CLANG_ENABLE_OBJC_ARC = YES;
				CLANG_ENABLE_OBJC_WEAK = YES;
				CLANG_WARN_BLOCK_CAPTURE_AUTORELEASING = YES;
				CLANG_WARN_BOOL_CONVERSION = YES;
				CLANG_WARN_COMMA = YES;
				CLANG_WARN_CONSTANT_CONVERSION = YES;
				CLANG_WARN_DEPRECATED_OBJC_IMPLEMENTATIONS = YES;
				CLANG_WARN_DIRECT_OBJC_ISA_USAGE = YES_ERROR;
				CLANG_WARN_DOCUMENTATION_COMMENTS = YES;
				CLANG_WARN_EMPTY_BODY = YES;
				CLANG_WARN_ENUM_CONVERSION = YES;
				CLANG_WARN_INFINITE_RECURSION = YES;
				CLANG_WARN_INT_CONVERSION = YES;
				CLANG_WARN_NON_LITERAL_NULL_CONVERSION = YES;
				CLANG_WARN_OBJC_IMPLICIT_RETAIN_SELF = YES;
				CLANG_WARN_OBJC_LITERAL_CONVERSION = YES;
				CLANG_WARN_OBJC_ROOT_CLASS = YES_ERROR;
				CLANG_WARN_RANGE_LOOP_ANALYSIS = YES;
				CLANG_WARN_STRICT_PROTOTYPES = YES;
				CLANG_WARN_SUSPICIOUS_MOVE = YES;
				CLANG_WARN_UNGUARDED_AVAILABILITY = YES_AGGRESSIVE;
				CLANG_WARN_UNREACHABLE_CODE = YES;
				CLANG_WARN__DUPLICATE_METHOD_MATCH = YES;
				COPY_PHASE_STRIP = NO;
				DEBUG_INFORMATION_FORMAT = dwarf;
				ENABLE_STRICT_OBJC_MSGSEND = YES;
				ENABLE_TESTABILITY = YES;
				GCC_C_LANGUAGE_STANDARD = gnu11;
				GCC_DYNAMIC_NO_PIC = NO;
				GCC_NO_COMMON_BLOCKS = YES;
				GCC_OPTIMIZATION_LEVEL = 0;
				GCC_PREPROCESSOR_DEFINITIONS = (
					"DEBUG=1",
					"$(inherited)",
				);
				GCC_WARN_64_TO_32_BIT_CONVERSION = YES;
				GCC_WARN_ABOUT_RETURN_TYPE = YES_ERROR;
				GCC_WARN_UNDECLARED_SELECTOR = YES;
				GCC_WARN_UNINITIALIZED_AUTOS = YES_AGGRESSIVE;
				GCC_WARN_UNUSED_FUNCTION = YES;
				GCC_WARN_UNUSED_VARIABLE = YES;
				IPHONEOS_DEPLOYMENT_TARGET = 13.2;
				MTL_ENABLE_DEBUG_INFO = INCLUDE_SOURCE;
				MTL_FAST_MATH = YES;
				ONLY_ACTIVE_ARCH = YES;
				SDKROOT = iphoneos;
				SWIFT_ACTIVE_COMPILATION_CONDITIONS = DEBUG;
				SWIFT_OPTIMIZATION_LEVEL = "-Onone";
			};
			name = Debug;
		};
		38A7C18C23CA16D60086AFE2 /* Release */ = {
			isa = XCBuildConfiguration;
			buildSettings = {
				ALWAYS_SEARCH_USER_PATHS = NO;
				CLANG_ANALYZER_NONNULL = YES;
				CLANG_ANALYZER_NUMBER_OBJECT_CONVERSION = YES_AGGRESSIVE;
				CLANG_CXX_LANGUAGE_STANDARD = "gnu++14";
				CLANG_CXX_LIBRARY = "libc++";
				CLANG_ENABLE_MODULES = YES;
				CLANG_ENABLE_OBJC_ARC = YES;
				CLANG_ENABLE_OBJC_WEAK = YES;
				CLANG_WARN_BLOCK_CAPTURE_AUTORELEASING = YES;
				CLANG_WARN_BOOL_CONVERSION = YES;
				CLANG_WARN_COMMA = YES;
				CLANG_WARN_CONSTANT_CONVERSION = YES;
				CLANG_WARN_DEPRECATED_OBJC_IMPLEMENTATIONS = YES;
				CLANG_WARN_DIRECT_OBJC_ISA_USAGE = YES_ERROR;
				CLANG_WARN_DOCUMENTATION_COMMENTS = YES;
				CLANG_WARN_EMPTY_BODY = YES;
				CLANG_WARN_ENUM_CONVERSION = YES;
				CLANG_WARN_INFINITE_RECURSION = YES;
				CLANG_WARN_INT_CONVERSION = YES;
				CLANG_WARN_NON_LITERAL_NULL_CONVERSION = YES;
				CLANG_WARN_OBJC_IMPLICIT_RETAIN_SELF = YES;
				CLANG_WARN_OBJC_LITERAL_CONVERSION = YES;
				CLANG_WARN_OBJC_ROOT_CLASS = YES_ERROR;
				CLANG_WARN_RANGE_LOOP_ANALYSIS = YES;
				CLANG_WARN_STRICT_PROTOTYPES = YES;
				CLANG_WARN_SUSPICIOUS_MOVE = YES;
				CLANG_WARN_UNGUARDED_AVAILABILITY = YES_AGGRESSIVE;
				CLANG_WARN_UNREACHABLE_CODE = YES;
				CLANG_WARN__DUPLICATE_METHOD_MATCH = YES;
				COPY_PHASE_STRIP = NO;
				DEBUG_INFORMATION_FORMAT = "dwarf-with-dsym";
				ENABLE_NS_ASSERTIONS = NO;
				ENABLE_STRICT_OBJC_MSGSEND = YES;
				GCC_C_LANGUAGE_STANDARD = gnu11;
				GCC_NO_COMMON_BLOCKS = YES;
				GCC_WARN_64_TO_32_BIT_CONVERSION = YES;
				GCC_WARN_ABOUT_RETURN_TYPE = YES_ERROR;
				GCC_WARN_UNDECLARED_SELECTOR = YES;
				GCC_WARN_UNINITIALIZED_AUTOS = YES_AGGRESSIVE;
				GCC_WARN_UNUSED_FUNCTION = YES;
				GCC_WARN_UNUSED_VARIABLE = YES;
				IPHONEOS_DEPLOYMENT_TARGET = 13.2;
				MTL_ENABLE_DEBUG_INFO = NO;
				MTL_FAST_MATH = YES;
				SDKROOT = iphoneos;
				SWIFT_COMPILATION_MODE = wholemodule;
				SWIFT_OPTIMIZATION_LEVEL = "-O";
				VALIDATE_PRODUCT = YES;
			};
			name = Release;
		};
		38A7C18E23CA16D60086AFE2 /* Debug */ = {
			isa = XCBuildConfiguration;
			buildSettings = {
				ASSETCATALOG_COMPILER_APPICON_NAME = AppIcon;
				CODE_SIGN_STYLE = Automatic;
				DEVELOPMENT_ASSET_PATHS = "\"CalculatorApp/Preview Content\"";
				DEVELOPMENT_TEAM = THP279BY8P;
				ENABLE_PREVIEWS = YES;
				INFOPLIST_FILE = CalculatorApp/Info.plist;
				LD_RUNPATH_SEARCH_PATHS = (
					"$(inherited)",
					"@executable_path/Frameworks",
				);
				PRODUCT_BUNDLE_IDENTIFIER = abrahamlay.CalculatorApp;
				PRODUCT_NAME = "$(TARGET_NAME)";
				SWIFT_VERSION = 5.0;
				TARGETED_DEVICE_FAMILY = "1,2";
			};
			name = Debug;
		};
		38A7C18F23CA16D60086AFE2 /* Release */ = {
			isa = XCBuildConfiguration;
			buildSettings = {
				ASSETCATALOG_COMPILER_APPICON_NAME = AppIcon;
				CODE_SIGN_STYLE = Automatic;
				DEVELOPMENT_ASSET_PATHS = "\"CalculatorApp/Preview Content\"";
				DEVELOPMENT_TEAM = THP279BY8P;
				ENABLE_PREVIEWS = YES;
				INFOPLIST_FILE = CalculatorApp/Info.plist;
				LD_RUNPATH_SEARCH_PATHS = (
					"$(inherited)",
					"@executable_path/Frameworks",
				);
				PRODUCT_BUNDLE_IDENTIFIER = abrahamlay.CalculatorApp;
				PRODUCT_NAME = "$(TARGET_NAME)";
				SWIFT_VERSION = 5.0;
				TARGETED_DEVICE_FAMILY = "1,2";
			};
			name = Release;
		};
		38A7C19123CA16D60086AFE2 /* Debug */ = {
			isa = XCBuildConfiguration;
			buildSettings = {
				ALWAYS_EMBED_SWIFT_STANDARD_LIBRARIES = YES;
				BUNDLE_LOADER = "$(TEST_HOST)";
				CODE_SIGN_STYLE = Automatic;
				DEVELOPMENT_TEAM = THP279BY8P;
				INFOPLIST_FILE = CalculatorAppTests/Info.plist;
				IPHONEOS_DEPLOYMENT_TARGET = 13.2;
				LD_RUNPATH_SEARCH_PATHS = (
					"$(inherited)",
					"@executable_path/Frameworks",
					"@loader_path/Frameworks",
				);
				PRODUCT_BUNDLE_IDENTIFIER = abrahamlay.CalculatorAppTests;
				PRODUCT_NAME = "$(TARGET_NAME)";
				SWIFT_VERSION = 5.0;
				TARGETED_DEVICE_FAMILY = "1,2";
				TEST_HOST = "$(BUILT_PRODUCTS_DIR)/CalculatorApp.app/CalculatorApp";
			};
			name = Debug;
		};
		38A7C19223CA16D60086AFE2 /* Release */ = {
			isa = XCBuildConfiguration;
			buildSettings = {
				ALWAYS_EMBED_SWIFT_STANDARD_LIBRARIES = YES;
				BUNDLE_LOADER = "$(TEST_HOST)";
				CODE_SIGN_STYLE = Automatic;
				DEVELOPMENT_TEAM = THP279BY8P;
				INFOPLIST_FILE = CalculatorAppTests/Info.plist;
				IPHONEOS_DEPLOYMENT_TARGET = 13.2;
				LD_RUNPATH_SEARCH_PATHS = (
					"$(inherited)",
					"@executable_path/Frameworks",
					"@loader_path/Frameworks",
				);
				PRODUCT_BUNDLE_IDENTIFIER = abrahamlay.CalculatorAppTests;
				PRODUCT_NAME = "$(TARGET_NAME)";
				SWIFT_VERSION = 5.0;
				TARGETED_DEVICE_FAMILY = "1,2";
				TEST_HOST = "$(BUILT_PRODUCTS_DIR)/CalculatorApp.app/CalculatorApp";
			};
			name = Release;
		};
		38A7C19423CA16D60086AFE2 /* Debug */ = {
			isa = XCBuildConfiguration;
			buildSettings = {
				ALWAYS_EMBED_SWIFT_STANDARD_LIBRARIES = YES;
				CODE_SIGN_STYLE = Automatic;
				DEVELOPMENT_TEAM = THP279BY8P;
				INFOPLIST_FILE = CalculatorAppUITests/Info.plist;
				LD_RUNPATH_SEARCH_PATHS = (
					"$(inherited)",
					"@executable_path/Frameworks",
					"@loader_path/Frameworks",
				);
				PRODUCT_BUNDLE_IDENTIFIER = abrahamlay.CalculatorAppUITests;
				PRODUCT_NAME = "$(TARGET_NAME)";
				SWIFT_VERSION = 5.0;
				TARGETED_DEVICE_FAMILY = "1,2";
				TEST_TARGET_NAME = CalculatorApp;
			};
			name = Debug;
		};
		38A7C19523CA16D60086AFE2 /* Release */ = {
			isa = XCBuildConfiguration;
			buildSettings = {
				ALWAYS_EMBED_SWIFT_STANDARD_LIBRARIES = YES;
				CODE_SIGN_STYLE = Automatic;
				DEVELOPMENT_TEAM = THP279BY8P;
				INFOPLIST_FILE = CalculatorAppUITests/Info.plist;
				LD_RUNPATH_SEARCH_PATHS = (
					"$(inherited)",
					"@executable_path/Frameworks",
					"@loader_path/Frameworks",
				);
				PRODUCT_BUNDLE_IDENTIFIER = abrahamlay.CalculatorAppUITests;
				PRODUCT_NAME = "$(TARGET_NAME)";
				SWIFT_VERSION = 5.0;
				TARGETED_DEVICE_FAMILY = "1,2";
				TEST_TARGET_NAME = CalculatorApp;
			};
			name = Release;
		};
/* End XCBuildConfiguration section */

/* Begin XCConfigurationList section */
		38A7C15E23CA16D30086AFE2 /* Build configuration list for PBXProject "CalculatorApp" */ = {
			isa = XCConfigurationList;
			buildConfigurations = (
				38A7C18B23CA16D60086AFE2 /* Debug */,
				38A7C18C23CA16D60086AFE2 /* Release */,
			);
			defaultConfigurationIsVisible = 0;
			defaultConfigurationName = Release;
		};
		38A7C18D23CA16D60086AFE2 /* Build configuration list for PBXNativeTarget "CalculatorApp" */ = {
			isa = XCConfigurationList;
			buildConfigurations = (
				38A7C18E23CA16D60086AFE2 /* Debug */,
				38A7C18F23CA16D60086AFE2 /* Release */,
			);
			defaultConfigurationIsVisible = 0;
			defaultConfigurationName = Release;
		};
		38A7C19023CA16D60086AFE2 /* Build configuration list for PBXNativeTarget "CalculatorAppTests" */ = {
			isa = XCConfigurationList;
			buildConfigurations = (
				38A7C19123CA16D60086AFE2 /* Debug */,
				38A7C19223CA16D60086AFE2 /* Release */,
			);
			defaultConfigurationIsVisible = 0;
			defaultConfigurationName = Release;
		};
		38A7C19323CA16D60086AFE2 /* Build configuration list for PBXNativeTarget "CalculatorAppUITests" */ = {
			isa = XCConfigurationList;
			buildConfigurations = (
				38A7C19423CA16D60086AFE2 /* Debug */,
				38A7C19523CA16D60086AFE2 /* Release */,
			);
			defaultConfigurationIsVisible = 0;
			defaultConfigurationName = Release;
		};
/* End XCConfigurationList section */
	};
	rootObject = 38A7C15B23CA16D30086AFE2 /* Project object */;
}
